
Microsoft Visual Studio Solution File, Format Version 12.00
# Visual Studio Version 17
VisualStudioVersion = 17.8.34525.116
MinimumVisualStudioVersion = 10.0.40219.1
Project("{FAE04EC0-301F-11D3-BF4B-00C04F79EFBC}") = "aoc-2024-day-12", "aoc-2024-day-12.csproj", "{B338EF7F-BF7B-4331-B9F9-A7FD8357773B}"
EndProject
Global
	GlobalSection(SolutionConfigurationPlatforms) = preSolution
		Debug|Any CPU = Debug|Any CPU
		Release|Any CPU = Release|Any CPU
	EndGlobalSection
	GlobalSection(ProjectConfigurationPlatforms) = postSolution
		{B338EF7F-BF7B-4331-B9F9-A7FD8357773B}.Debug|Any CPU.ActiveCfg = Debug|Any CPU
		{B338EF7F-BF7B-4331-B9F9-A7FD8357773B}.Debug|Any CPU.Build.0 = Debug|Any CPU
		{B338EF7F-BF7B-4331-B9F9-A7FD8357773B}.Release|Any CPU.ActiveCfg = Release|Any CPU
		{B338EF7F-BF7B-4331-B9F9-A7FD8357773B}.Release|Any CPU.Build.0 = Release|Any CPU
	EndGlobalSection
	GlobalSection(SolutionProperties) = preSolution
		HideSolutionNode = FALSE
	EndGlobalSection
	GlobalSection(ExtensibilityGlobals) = postSolution
		SolutionGuid = {D3A6E4E4-4FBA-4255-BD58-5A40B15482C9}
	EndGlobalSection
EndGlobal
