
Microsoft Visual Studio Solution File, Format Version 12.00
# Visual Studio Version 17
VisualStudioVersion = 17.8.34525.116
MinimumVisualStudioVersion = 10.0.40219.1
Project("{FAE04EC0-301F-11D3-BF4B-00C04F79EFBC}") = "aoc-2024-day-3", "aoc-2024-day-3.csproj", "{00B1E2B4-0098-4720-83F4-EC12CE36BD81}"
EndProject
Global
	GlobalSection(SolutionConfigurationPlatforms) = preSolution
		Debug|Any CPU = Debug|Any CPU
		Release|Any CPU = Release|Any CPU
	EndGlobalSection
	GlobalSection(ProjectConfigurationPlatforms) = postSolution
		{00B1E2B4-0098-4720-83F4-EC12CE36BD81}.Debug|Any CPU.ActiveCfg = Debug|Any CPU
		{00B1E2B4-0098-4720-83F4-EC12CE36BD81}.Debug|Any CPU.Build.0 = Debug|Any CPU
		{00B1E2B4-0098-4720-83F4-EC12CE36BD81}.Release|Any CPU.ActiveCfg = Release|Any CPU
		{00B1E2B4-0098-4720-83F4-EC12CE36BD81}.Release|Any CPU.Build.0 = Release|Any CPU
	EndGlobalSection
	GlobalSection(SolutionProperties) = preSolution
		HideSolutionNode = FALSE
	EndGlobalSection
	GlobalSection(ExtensibilityGlobals) = postSolution
		SolutionGuid = {83C59FC9-831B-41CB-BA6F-890E2CB90A74}
	EndGlobalSection
EndGlobal
