
Microsoft Visual Studio Solution File, Format Version 12.00
# Visual Studio Version 17
VisualStudioVersion = 17.8.34525.116
MinimumVisualStudioVersion = 10.0.40219.1
Project("{FAE04EC0-301F-11D3-BF4B-00C04F79EFBC}") = "aoc-2024-day-8", "aoc-2024-day-8.csproj", "{A5417ACC-B877-4A84-90C5-8E1656209784}"
EndProject
Global
	GlobalSection(SolutionConfigurationPlatforms) = preSolution
		Debug|Any CPU = Debug|Any CPU
		Release|Any CPU = Release|Any CPU
	EndGlobalSection
	GlobalSection(ProjectConfigurationPlatforms) = postSolution
		{A5417ACC-B877-4A84-90C5-8E1656209784}.Debug|Any CPU.ActiveCfg = Debug|Any CPU
		{A5417ACC-B877-4A84-90C5-8E1656209784}.Debug|Any CPU.Build.0 = Debug|Any CPU
		{A5417ACC-B877-4A84-90C5-8E1656209784}.Release|Any CPU.ActiveCfg = Release|Any CPU
		{A5417ACC-B877-4A84-90C5-8E1656209784}.Release|Any CPU.Build.0 = Release|Any CPU
	EndGlobalSection
	GlobalSection(SolutionProperties) = preSolution
		HideSolutionNode = FALSE
	EndGlobalSection
	GlobalSection(ExtensibilityGlobals) = postSolution
		SolutionGuid = {175C00DE-9A5B-4BE1-97A1-D00A5AF29C38}
	EndGlobalSection
EndGlobal
